
Microsoft Visual Studio Solution File, Format Version 12.00
# Visual Studio 15
VisualStudioVersion = 15.0.28307.645
MinimumVisualStudioVersion = 10.0.40219.1
Project("{FAE04EC0-301F-11D3-BF4B-00C04F79EFBC}") = "CicekSepeti007.Android", "CicekSepeti007\CicekSepeti007.Android\CicekSepeti007.Android.csproj", "{A120F8C8-BBF2-49CC-9554-E343FA1DE357}"
EndProject
Project("{FAE04EC0-301F-11D3-BF4B-00C04F79EFBC}") = "CicekSepeti007.iOS", "CicekSepeti007\CicekSepeti007.iOS\CicekSepeti007.iOS.csproj", "{5422BEB7-DD1B-4910-8EEA-2614E205BA8D}"
EndProject
Project("{FAE04EC0-301F-11D3-BF4B-00C04F79EFBC}") = "CicekSepeti007.UWP", "CicekSepeti007\CicekSepeti007.UWP\CicekSepeti007.UWP.csproj", "{460303BB-50A1-43E9-97E2-109D3B85B407}"
EndProject
Project("{FAE04EC0-301F-11D3-BF4B-00C04F79EFBC}") = "CicekSepeti007", "CicekSepeti007\CicekSepeti007\CicekSepeti007.csproj", "{8355A3C0-072D-424A-A32D-51DEDF95963E}"
EndProject
Global
	GlobalSection(SolutionConfigurationPlatforms) = preSolution
		Ad-Hoc|Any CPU = Ad-Hoc|Any CPU
		Ad-Hoc|ARM = Ad-Hoc|ARM
		Ad-Hoc|iPhone = Ad-Hoc|iPhone
		Ad-Hoc|iPhoneSimulator = Ad-Hoc|iPhoneSimulator
		Ad-Hoc|x64 = Ad-Hoc|x64
		Ad-Hoc|x86 = Ad-Hoc|x86
		AppStore|Any CPU = AppStore|Any CPU
		AppStore|ARM = AppStore|ARM
		AppStore|iPhone = AppStore|iPhone
		AppStore|iPhoneSimulator = AppStore|iPhoneSimulator
		AppStore|x64 = AppStore|x64
		AppStore|x86 = AppStore|x86
		Debug|Any CPU = Debug|Any CPU
		Debug|ARM = Debug|ARM
		Debug|iPhone = Debug|iPhone
		Debug|iPhoneSimulator = Debug|iPhoneSimulator
		Debug|x64 = Debug|x64
		Debug|x86 = Debug|x86
		Release|Any CPU = Release|Any CPU
		Release|ARM = Release|ARM
		Release|iPhone = Release|iPhone
		Release|iPhoneSimulator = Release|iPhoneSimulator
		Release|x64 = Release|x64
		Release|x86 = Release|x86
	EndGlobalSection
	GlobalSection(ProjectConfigurationPlatforms) = postSolution
		{A120F8C8-BBF2-49CC-9554-E343FA1DE357}.Ad-Hoc|Any CPU.ActiveCfg = Release|Any CPU
		{A120F8C8-BBF2-49CC-9554-E343FA1DE357}.Ad-Hoc|Any CPU.Build.0 = Release|Any CPU
		{A120F8C8-BBF2-49CC-9554-E343FA1DE357}.Ad-Hoc|Any CPU.Deploy.0 = Release|Any CPU
		{A120F8C8-BBF2-49CC-9554-E343FA1DE357}.Ad-Hoc|ARM.ActiveCfg = Release|Any CPU
		{A120F8C8-BBF2-49CC-9554-E343FA1DE357}.Ad-Hoc|ARM.Build.0 = Release|Any CPU
		{A120F8C8-BBF2-49CC-9554-E343FA1DE357}.Ad-Hoc|ARM.Deploy.0 = Release|Any CPU
		{A120F8C8-BBF2-49CC-9554-E343FA1DE357}.Ad-Hoc|iPhone.ActiveCfg = Release|Any CPU
		{A120F8C8-BBF2-49CC-9554-E343FA1DE357}.Ad-Hoc|iPhone.Build.0 = Release|Any CPU
		{A120F8C8-BBF2-49CC-9554-E343FA1DE357}.Ad-Hoc|iPhone.Deploy.0 = Release|Any CPU
		{A120F8C8-BBF2-49CC-9554-E343FA1DE357}.Ad-Hoc|iPhoneSimulator.ActiveCfg = Release|Any CPU
		{A120F8C8-BBF2-49CC-9554-E343FA1DE357}.Ad-Hoc|iPhoneSimulator.Build.0 = Release|Any CPU
		{A120F8C8-BBF2-49CC-9554-E343FA1DE357}.Ad-Hoc|iPhoneSimulator.Deploy.0 = Release|Any CPU
		{A120F8C8-BBF2-49CC-9554-E343FA1DE357}.Ad-Hoc|x64.ActiveCfg = Release|Any CPU
		{A120F8C8-BBF2-49CC-9554-E343FA1DE357}.Ad-Hoc|x64.Build.0 = Release|Any CPU
		{A120F8C8-BBF2-49CC-9554-E343FA1DE357}.Ad-Hoc|x64.Deploy.0 = Release|Any CPU
		{A120F8C8-BBF2-49CC-9554-E343FA1DE357}.Ad-Hoc|x86.ActiveCfg = Release|Any CPU
		{A120F8C8-BBF2-49CC-9554-E343FA1DE357}.Ad-Hoc|x86.Build.0 = Release|Any CPU
		{A120F8C8-BBF2-49CC-9554-E343FA1DE357}.Ad-Hoc|x86.Deploy.0 = Release|Any CPU
		{A120F8C8-BBF2-49CC-9554-E343FA1DE357}.AppStore|Any CPU.ActiveCfg = Release|Any CPU
		{A120F8C8-BBF2-49CC-9554-E343FA1DE357}.AppStore|Any CPU.Build.0 = Release|Any CPU
		{A120F8C8-BBF2-49CC-9554-E343FA1DE357}.AppStore|Any CPU.Deploy.0 = Release|Any CPU
		{A120F8C8-BBF2-49CC-9554-E343FA1DE357}.AppStore|ARM.ActiveCfg = Release|Any CPU
		{A120F8C8-BBF2-49CC-9554-E343FA1DE357}.AppStore|ARM.Build.0 = Release|Any CPU
		{A120F8C8-BBF2-49CC-9554-E343FA1DE357}.AppStore|ARM.Deploy.0 = Release|Any CPU
		{A120F8C8-BBF2-49CC-9554-E343FA1DE357}.AppStore|iPhone.ActiveCfg = Release|Any CPU
		{A120F8C8-BBF2-49CC-9554-E343FA1DE357}.AppStore|iPhone.Build.0 = Release|Any CPU
		{A120F8C8-BBF2-49CC-9554-E343FA1DE357}.AppStore|iPhone.Deploy.0 = Release|Any CPU
		{A120F8C8-BBF2-49CC-9554-E343FA1DE357}.AppStore|iPhoneSimulator.ActiveCfg = Release|Any CPU
		{A120F8C8-BBF2-49CC-9554-E343FA1DE357}.AppStore|iPhoneSimulator.Build.0 = Release|Any CPU
		{A120F8C8-BBF2-49CC-9554-E343FA1DE357}.AppStore|iPhoneSimulator.Deploy.0 = Release|Any CPU
		{A120F8C8-BBF2-49CC-9554-E343FA1DE357}.AppStore|x64.ActiveCfg = Release|Any CPU
		{A120F8C8-BBF2-49CC-9554-E343FA1DE357}.AppStore|x64.Build.0 = Release|Any CPU
		{A120F8C8-BBF2-49CC-9554-E343FA1DE357}.AppStore|x64.Deploy.0 = Release|Any CPU
		{A120F8C8-BBF2-49CC-9554-E343FA1DE357}.AppStore|x86.ActiveCfg = Release|Any CPU
		{A120F8C8-BBF2-49CC-9554-E343FA1DE357}.AppStore|x86.Build.0 = Release|Any CPU
		{A120F8C8-BBF2-49CC-9554-E343FA1DE357}.AppStore|x86.Deploy.0 = Release|Any CPU
		{A120F8C8-BBF2-49CC-9554-E343FA1DE357}.Debug|Any CPU.ActiveCfg = Debug|Any CPU
		{A120F8C8-BBF2-49CC-9554-E343FA1DE357}.Debug|Any CPU.Build.0 = Debug|Any CPU
		{A120F8C8-BBF2-49CC-9554-E343FA1DE357}.Debug|Any CPU.Deploy.0 = Debug|Any CPU
		{A120F8C8-BBF2-49CC-9554-E343FA1DE357}.Debug|ARM.ActiveCfg = Debug|Any CPU
		{A120F8C8-BBF2-49CC-9554-E343FA1DE357}.Debug|ARM.Build.0 = Debug|Any CPU
		{A120F8C8-BBF2-49CC-9554-E343FA1DE357}.Debug|ARM.Deploy.0 = Debug|Any CPU
		{A120F8C8-BBF2-49CC-9554-E343FA1DE357}.Debug|iPhone.ActiveCfg = Debug|Any CPU
		{A120F8C8-BBF2-49CC-9554-E343FA1DE357}.Debug|iPhone.Build.0 = Debug|Any CPU
		{A120F8C8-BBF2-49CC-9554-E343FA1DE357}.Debug|iPhone.Deploy.0 = Debug|Any CPU
		{A120F8C8-BBF2-49CC-9554-E343FA1DE357}.Debug|iPhoneSimulator.ActiveCfg = Debug|Any CPU
		{A120F8C8-BBF2-49CC-9554-E343FA1DE357}.Debug|iPhoneSimulator.Build.0 = Debug|Any CPU
		{A120F8C8-BBF2-49CC-9554-E343FA1DE357}.Debug|iPhoneSimulator.Deploy.0 = Debug|Any CPU
		{A120F8C8-BBF2-49CC-9554-E343FA1DE357}.Debug|x64.ActiveCfg = Debug|Any CPU
		{A120F8C8-BBF2-49CC-9554-E343FA1DE357}.Debug|x64.Build.0 = Debug|Any CPU
		{A120F8C8-BBF2-49CC-9554-E343FA1DE357}.Debug|x64.Deploy.0 = Debug|Any CPU
		{A120F8C8-BBF2-49CC-9554-E343FA1DE357}.Debug|x86.ActiveCfg = Debug|Any CPU
		{A120F8C8-BBF2-49CC-9554-E343FA1DE357}.Debug|x86.Build.0 = Debug|Any CPU
		{A120F8C8-BBF2-49CC-9554-E343FA1DE357}.Debug|x86.Deploy.0 = Debug|Any CPU
		{A120F8C8-BBF2-49CC-9554-E343FA1DE357}.Release|Any CPU.ActiveCfg = Release|Any CPU
		{A120F8C8-BBF2-49CC-9554-E343FA1DE357}.Release|Any CPU.Build.0 = Release|Any CPU
		{A120F8C8-BBF2-49CC-9554-E343FA1DE357}.Release|Any CPU.Deploy.0 = Release|Any CPU
		{A120F8C8-BBF2-49CC-9554-E343FA1DE357}.Release|ARM.ActiveCfg = Release|Any CPU
		{A120F8C8-BBF2-49CC-9554-E343FA1DE357}.Release|ARM.Build.0 = Release|Any CPU
		{A120F8C8-BBF2-49CC-9554-E343FA1DE357}.Release|ARM.Deploy.0 = Release|Any CPU
		{A120F8C8-BBF2-49CC-9554-E343FA1DE357}.Release|iPhone.ActiveCfg = Release|Any CPU
		{A120F8C8-BBF2-49CC-9554-E343FA1DE357}.Release|iPhone.Build.0 = Release|Any CPU
		{A120F8C8-BBF2-49CC-9554-E343FA1DE357}.Release|iPhone.Deploy.0 = Release|Any CPU
		{A120F8C8-BBF2-49CC-9554-E343FA1DE357}.Release|iPhoneSimulator.ActiveCfg = Release|Any CPU
		{A120F8C8-BBF2-49CC-9554-E343FA1DE357}.Release|iPhoneSimulator.Build.0 = Release|Any CPU
		{A120F8C8-BBF2-49CC-9554-E343FA1DE357}.Release|iPhoneSimulator.Deploy.0 = Release|Any CPU
		{A120F8C8-BBF2-49CC-9554-E343FA1DE357}.Release|x64.ActiveCfg = Release|Any CPU
		{A120F8C8-BBF2-49CC-9554-E343FA1DE357}.Release|x64.Build.0 = Release|Any CPU
		{A120F8C8-BBF2-49CC-9554-E343FA1DE357}.Release|x64.Deploy.0 = Release|Any CPU
		{A120F8C8-BBF2-49CC-9554-E343FA1DE357}.Release|x86.ActiveCfg = Release|Any CPU
		{A120F8C8-BBF2-49CC-9554-E343FA1DE357}.Release|x86.Build.0 = Release|Any CPU
		{A120F8C8-BBF2-49CC-9554-E343FA1DE357}.Release|x86.Deploy.0 = Release|Any CPU
		{5422BEB7-DD1B-4910-8EEA-2614E205BA8D}.Ad-Hoc|Any CPU.ActiveCfg = Ad-Hoc|iPhone
		{5422BEB7-DD1B-4910-8EEA-2614E205BA8D}.Ad-Hoc|Any CPU.Build.0 = Ad-Hoc|iPhone
		{5422BEB7-DD1B-4910-8EEA-2614E205BA8D}.Ad-Hoc|Any CPU.Deploy.0 = Ad-Hoc|iPhone
		{5422BEB7-DD1B-4910-8EEA-2614E205BA8D}.Ad-Hoc|ARM.ActiveCfg = Ad-Hoc|iPhone
		{5422BEB7-DD1B-4910-8EEA-2614E205BA8D}.Ad-Hoc|ARM.Build.0 = Ad-Hoc|iPhone
		{5422BEB7-DD1B-4910-8EEA-2614E205BA8D}.Ad-Hoc|ARM.Deploy.0 = Ad-Hoc|iPhone
		{5422BEB7-DD1B-4910-8EEA-2614E205BA8D}.Ad-Hoc|iPhone.ActiveCfg = Ad-Hoc|iPhone
		{5422BEB7-DD1B-4910-8EEA-2614E205BA8D}.Ad-Hoc|iPhone.Build.0 = Ad-Hoc|iPhone
		{5422BEB7-DD1B-4910-8EEA-2614E205BA8D}.Ad-Hoc|iPhone.Deploy.0 = Ad-Hoc|iPhone
		{5422BEB7-DD1B-4910-8EEA-2614E205BA8D}.Ad-Hoc|iPhoneSimulator.ActiveCfg = Ad-Hoc|iPhoneSimulator
		{5422BEB7-DD1B-4910-8EEA-2614E205BA8D}.Ad-Hoc|iPhoneSimulator.Build.0 = Ad-Hoc|iPhoneSimulator
		{5422BEB7-DD1B-4910-8EEA-2614E205BA8D}.Ad-Hoc|iPhoneSimulator.Deploy.0 = Ad-Hoc|iPhoneSimulator
		{5422BEB7-DD1B-4910-8EEA-2614E205BA8D}.Ad-Hoc|x64.ActiveCfg = Ad-Hoc|iPhone
		{5422BEB7-DD1B-4910-8EEA-2614E205BA8D}.Ad-Hoc|x64.Build.0 = Ad-Hoc|iPhone
		{5422BEB7-DD1B-4910-8EEA-2614E205BA8D}.Ad-Hoc|x64.Deploy.0 = Ad-Hoc|iPhone
		{5422BEB7-DD1B-4910-8EEA-2614E205BA8D}.Ad-Hoc|x86.ActiveCfg = Ad-Hoc|iPhone
		{5422BEB7-DD1B-4910-8EEA-2614E205BA8D}.Ad-Hoc|x86.Build.0 = Ad-Hoc|iPhone
		{5422BEB7-DD1B-4910-8EEA-2614E205BA8D}.Ad-Hoc|x86.Deploy.0 = Ad-Hoc|iPhone
		{5422BEB7-DD1B-4910-8EEA-2614E205BA8D}.AppStore|Any CPU.ActiveCfg = AppStore|iPhone
		{5422BEB7-DD1B-4910-8EEA-2614E205BA8D}.AppStore|Any CPU.Build.0 = AppStore|iPhone
		{5422BEB7-DD1B-4910-8EEA-2614E205BA8D}.AppStore|Any CPU.Deploy.0 = AppStore|iPhone
		{5422BEB7-DD1B-4910-8EEA-2614E205BA8D}.AppStore|ARM.ActiveCfg = AppStore|iPhone
		{5422BEB7-DD1B-4910-8EEA-2614E205BA8D}.AppStore|ARM.Build.0 = AppStore|iPhone
		{5422BEB7-DD1B-4910-8EEA-2614E205BA8D}.AppStore|ARM.Deploy.0 = AppStore|iPhone
		{5422BEB7-DD1B-4910-8EEA-2614E205BA8D}.AppStore|iPhone.ActiveCfg = AppStore|iPhone
		{5422BEB7-DD1B-4910-8EEA-2614E205BA8D}.AppStore|iPhone.Build.0 = AppStore|iPhone
		{5422BEB7-DD1B-4910-8EEA-2614E205BA8D}.AppStore|iPhone.Deploy.0 = AppStore|iPhone
		{5422BEB7-DD1B-4910-8EEA-2614E205BA8D}.AppStore|iPhoneSimulator.ActiveCfg = AppStore|iPhoneSimulator
		{5422BEB7-DD1B-4910-8EEA-2614E205BA8D}.AppStore|iPhoneSimulator.Build.0 = AppStore|iPhoneSimulator
		{5422BEB7-DD1B-4910-8EEA-2614E205BA8D}.AppStore|iPhoneSimulator.Deploy.0 = AppStore|iPhoneSimulator
		{5422BEB7-DD1B-4910-8EEA-2614E205BA8D}.AppStore|x64.ActiveCfg = AppStore|iPhone
		{5422BEB7-DD1B-4910-8EEA-2614E205BA8D}.AppStore|x64.Build.0 = AppStore|iPhone
		{5422BEB7-DD1B-4910-8EEA-2614E205BA8D}.AppStore|x64.Deploy.0 = AppStore|iPhone
		{5422BEB7-DD1B-4910-8EEA-2614E205BA8D}.AppStore|x86.ActiveCfg = AppStore|iPhone
		{5422BEB7-DD1B-4910-8EEA-2614E205BA8D}.AppStore|x86.Build.0 = AppStore|iPhone
		{5422BEB7-DD1B-4910-8EEA-2614E205BA8D}.AppStore|x86.Deploy.0 = AppStore|iPhone
		{5422BEB7-DD1B-4910-8EEA-2614E205BA8D}.Debug|Any CPU.ActiveCfg = Debug|iPhoneSimulator
		{5422BEB7-DD1B-4910-8EEA-2614E205BA8D}.Debug|Any CPU.Build.0 = Debug|iPhoneSimulator
		{5422BEB7-DD1B-4910-8EEA-2614E205BA8D}.Debug|Any CPU.Deploy.0 = Debug|iPhoneSimulator
		{5422BEB7-DD1B-4910-8EEA-2614E205BA8D}.Debug|ARM.ActiveCfg = Debug|iPhone
		{5422BEB7-DD1B-4910-8EEA-2614E205BA8D}.Debug|ARM.Build.0 = Debug|iPhone
		{5422BEB7-DD1B-4910-8EEA-2614E205BA8D}.Debug|ARM.Deploy.0 = Debug|iPhone
		{5422BEB7-DD1B-4910-8EEA-2614E205BA8D}.Debug|iPhone.ActiveCfg = Debug|iPhone
		{5422BEB7-DD1B-4910-8EEA-2614E205BA8D}.Debug|iPhone.Build.0 = Debug|iPhone
		{5422BEB7-DD1B-4910-8EEA-2614E205BA8D}.Debug|iPhone.Deploy.0 = Debug|iPhone
		{5422BEB7-DD1B-4910-8EEA-2614E205BA8D}.Debug|iPhoneSimulator.ActiveCfg = Debug|iPhoneSimulator
		{5422BEB7-DD1B-4910-8EEA-2614E205BA8D}.Debug|iPhoneSimulator.Build.0 = Debug|iPhoneSimulator
		{5422BEB7-DD1B-4910-8EEA-2614E205BA8D}.Debug|iPhoneSimulator.Deploy.0 = Debug|iPhoneSimulator
		{5422BEB7-DD1B-4910-8EEA-2614E205BA8D}.Debug|x64.ActiveCfg = Debug|iPhone
		{5422BEB7-DD1B-4910-8EEA-2614E205BA8D}.Debug|x64.Build.0 = Debug|iPhone
		{5422BEB7-DD1B-4910-8EEA-2614E205BA8D}.Debug|x64.Deploy.0 = Debug|iPhone
		{5422BEB7-DD1B-4910-8EEA-2614E205BA8D}.Debug|x86.ActiveCfg = Debug|iPhone
		{5422BEB7-DD1B-4910-8EEA-2614E205BA8D}.Debug|x86.Build.0 = Debug|iPhone
		{5422BEB7-DD1B-4910-8EEA-2614E205BA8D}.Debug|x86.Deploy.0 = Debug|iPhone
		{5422BEB7-DD1B-4910-8EEA-2614E205BA8D}.Release|Any CPU.ActiveCfg = Release|iPhone
		{5422BEB7-DD1B-4910-8EEA-2614E205BA8D}.Release|Any CPU.Build.0 = Release|iPhone
		{5422BEB7-DD1B-4910-8EEA-2614E205BA8D}.Release|Any CPU.Deploy.0 = Release|iPhone
		{5422BEB7-DD1B-4910-8EEA-2614E205BA8D}.Release|ARM.ActiveCfg = Release|iPhone
		{5422BEB7-DD1B-4910-8EEA-2614E205BA8D}.Release|ARM.Build.0 = Release|iPhone
		{5422BEB7-DD1B-4910-8EEA-2614E205BA8D}.Release|ARM.Deploy.0 = Release|iPhone
		{5422BEB7-DD1B-4910-8EEA-2614E205BA8D}.Release|iPhone.ActiveCfg = Release|iPhone
		{5422BEB7-DD1B-4910-8EEA-2614E205BA8D}.Release|iPhone.Build.0 = Release|iPhone
		{5422BEB7-DD1B-4910-8EEA-2614E205BA8D}.Release|iPhone.Deploy.0 = Release|iPhone
		{5422BEB7-DD1B-4910-8EEA-2614E205BA8D}.Release|iPhoneSimulator.ActiveCfg = Release|iPhoneSimulator
		{5422BEB7-DD1B-4910-8EEA-2614E205BA8D}.Release|iPhoneSimulator.Build.0 = Release|iPhoneSimulator
		{5422BEB7-DD1B-4910-8EEA-2614E205BA8D}.Release|iPhoneSimulator.Deploy.0 = Release|iPhoneSimulator
		{5422BEB7-DD1B-4910-8EEA-2614E205BA8D}.Release|x64.ActiveCfg = Release|iPhone
		{5422BEB7-DD1B-4910-8EEA-2614E205BA8D}.Release|x64.Build.0 = Release|iPhone
		{5422BEB7-DD1B-4910-8EEA-2614E205BA8D}.Release|x64.Deploy.0 = Release|iPhone
		{5422BEB7-DD1B-4910-8EEA-2614E205BA8D}.Release|x86.ActiveCfg = Release|iPhone
		{5422BEB7-DD1B-4910-8EEA-2614E205BA8D}.Release|x86.Build.0 = Release|iPhone
		{5422BEB7-DD1B-4910-8EEA-2614E205BA8D}.Release|x86.Deploy.0 = Release|iPhone
		{460303BB-50A1-43E9-97E2-109D3B85B407}.Ad-Hoc|Any CPU.ActiveCfg = Release|x86
		{460303BB-50A1-43E9-97E2-109D3B85B407}.Ad-Hoc|Any CPU.Build.0 = Release|x86
		{460303BB-50A1-43E9-97E2-109D3B85B407}.Ad-Hoc|Any CPU.Deploy.0 = Release|x86
		{460303BB-50A1-43E9-97E2-109D3B85B407}.Ad-Hoc|ARM.ActiveCfg = Release|ARM
		{460303BB-50A1-43E9-97E2-109D3B85B407}.Ad-Hoc|ARM.Build.0 = Release|ARM
		{460303BB-50A1-43E9-97E2-109D3B85B407}.Ad-Hoc|ARM.Deploy.0 = Release|ARM
		{460303BB-50A1-43E9-97E2-109D3B85B407}.Ad-Hoc|iPhone.ActiveCfg = Release|x86
		{460303BB-50A1-43E9-97E2-109D3B85B407}.Ad-Hoc|iPhone.Build.0 = Release|x86
		{460303BB-50A1-43E9-97E2-109D3B85B407}.Ad-Hoc|iPhone.Deploy.0 = Release|x86
		{460303BB-50A1-43E9-97E2-109D3B85B407}.Ad-Hoc|iPhoneSimulator.ActiveCfg = Release|x86
		{460303BB-50A1-43E9-97E2-109D3B85B407}.Ad-Hoc|iPhoneSimulator.Build.0 = Release|x86
		{460303BB-50A1-43E9-97E2-109D3B85B407}.Ad-Hoc|iPhoneSimulator.Deploy.0 = Release|x86
		{460303BB-50A1-43E9-97E2-109D3B85B407}.Ad-Hoc|x64.ActiveCfg = Release|x64
		{460303BB-50A1-43E9-97E2-109D3B85B407}.Ad-Hoc|x64.Build.0 = Release|x64
		{460303BB-50A1-43E9-97E2-109D3B85B407}.Ad-Hoc|x64.Deploy.0 = Release|x64
		{460303BB-50A1-43E9-97E2-109D3B85B407}.Ad-Hoc|x86.ActiveCfg = Release|x86
		{460303BB-50A1-43E9-97E2-109D3B85B407}.Ad-Hoc|x86.Build.0 = Release|x86
		{460303BB-50A1-43E9-97E2-109D3B85B407}.Ad-Hoc|x86.Deploy.0 = Release|x86
		{460303BB-50A1-43E9-97E2-109D3B85B407}.AppStore|Any CPU.ActiveCfg = Release|x86
		{460303BB-50A1-43E9-97E2-109D3B85B407}.AppStore|Any CPU.Build.0 = Release|x86
		{460303BB-50A1-43E9-97E2-109D3B85B407}.AppStore|Any CPU.Deploy.0 = Release|x86
		{460303BB-50A1-43E9-97E2-109D3B85B407}.AppStore|ARM.ActiveCfg = Release|ARM
		{460303BB-50A1-43E9-97E2-109D3B85B407}.AppStore|ARM.Build.0 = Release|ARM
		{460303BB-50A1-43E9-97E2-109D3B85B407}.AppStore|ARM.Deploy.0 = Release|ARM
		{460303BB-50A1-43E9-97E2-109D3B85B407}.AppStore|iPhone.ActiveCfg = Release|x86
		{460303BB-50A1-43E9-97E2-109D3B85B407}.AppStore|iPhone.Build.0 = Release|x86
		{460303BB-50A1-43E9-97E2-109D3B85B407}.AppStore|iPhone.Deploy.0 = Release|x86
		{460303BB-50A1-43E9-97E2-109D3B85B407}.AppStore|iPhoneSimulator.ActiveCfg = Release|x86
		{460303BB-50A1-43E9-97E2-109D3B85B407}.AppStore|iPhoneSimulator.Build.0 = Release|x86
		{460303BB-50A1-43E9-97E2-109D3B85B407}.AppStore|iPhoneSimulator.Deploy.0 = Release|x86
		{460303BB-50A1-43E9-97E2-109D3B85B407}.AppStore|x64.ActiveCfg = Release|x64
		{460303BB-50A1-43E9-97E2-109D3B85B407}.AppStore|x64.Build.0 = Release|x64
		{460303BB-50A1-43E9-97E2-109D3B85B407}.AppStore|x64.Deploy.0 = Release|x64
		{460303BB-50A1-43E9-97E2-109D3B85B407}.AppStore|x86.ActiveCfg = Release|x86
		{460303BB-50A1-43E9-97E2-109D3B85B407}.AppStore|x86.Build.0 = Release|x86
		{460303BB-50A1-43E9-97E2-109D3B85B407}.AppStore|x86.Deploy.0 = Release|x86
		{460303BB-50A1-43E9-97E2-109D3B85B407}.Debug|Any CPU.ActiveCfg = Debug|x86
		{460303BB-50A1-43E9-97E2-109D3B85B407}.Debug|Any CPU.Build.0 = Debug|x86
		{460303BB-50A1-43E9-97E2-109D3B85B407}.Debug|Any CPU.Deploy.0 = Debug|x86
		{460303BB-50A1-43E9-97E2-109D3B85B407}.Debug|ARM.ActiveCfg = Debug|ARM
		{460303BB-50A1-43E9-97E2-109D3B85B407}.Debug|ARM.Build.0 = Debug|ARM
		{460303BB-50A1-43E9-97E2-109D3B85B407}.Debug|ARM.Deploy.0 = Debug|ARM
		{460303BB-50A1-43E9-97E2-109D3B85B407}.Debug|iPhone.ActiveCfg = Debug|x86
		{460303BB-50A1-43E9-97E2-109D3B85B407}.Debug|iPhone.Build.0 = Debug|x86
		{460303BB-50A1-43E9-97E2-109D3B85B407}.Debug|iPhone.Deploy.0 = Debug|x86
		{460303BB-50A1-43E9-97E2-109D3B85B407}.Debug|iPhoneSimulator.ActiveCfg = Debug|x86
		{460303BB-50A1-43E9-97E2-109D3B85B407}.Debug|iPhoneSimulator.Build.0 = Debug|x86
		{460303BB-50A1-43E9-97E2-109D3B85B407}.Debug|iPhoneSimulator.Deploy.0 = Debug|x86
		{460303BB-50A1-43E9-97E2-109D3B85B407}.Debug|x64.ActiveCfg = Debug|x64
		{460303BB-50A1-43E9-97E2-109D3B85B407}.Debug|x64.Build.0 = Debug|x64
		{460303BB-50A1-43E9-97E2-109D3B85B407}.Debug|x64.Deploy.0 = Debug|x64
		{460303BB-50A1-43E9-97E2-109D3B85B407}.Debug|x86.ActiveCfg = Debug|x86
		{460303BB-50A1-43E9-97E2-109D3B85B407}.Debug|x86.Build.0 = Debug|x86
		{460303BB-50A1-43E9-97E2-109D3B85B407}.Debug|x86.Deploy.0 = Debug|x86
		{460303BB-50A1-43E9-97E2-109D3B85B407}.Release|Any CPU.ActiveCfg = Release|x86
		{460303BB-50A1-43E9-97E2-109D3B85B407}.Release|Any CPU.Build.0 = Release|x86
		{460303BB-50A1-43E9-97E2-109D3B85B407}.Release|Any CPU.Deploy.0 = Release|x86
		{460303BB-50A1-43E9-97E2-109D3B85B407}.Release|ARM.ActiveCfg = Release|ARM
		{460303BB-50A1-43E9-97E2-109D3B85B407}.Release|ARM.Build.0 = Release|ARM
		{460303BB-50A1-43E9-97E2-109D3B85B407}.Release|ARM.Deploy.0 = Release|ARM
		{460303BB-50A1-43E9-97E2-109D3B85B407}.Release|iPhone.ActiveCfg = Release|x86
		{460303BB-50A1-43E9-97E2-109D3B85B407}.Release|iPhone.Build.0 = Release|x86
		{460303BB-50A1-43E9-97E2-109D3B85B407}.Release|iPhone.Deploy.0 = Release|x86
		{460303BB-50A1-43E9-97E2-109D3B85B407}.Release|iPhoneSimulator.ActiveCfg = Release|x86
		{460303BB-50A1-43E9-97E2-109D3B85B407}.Release|iPhoneSimulator.Build.0 = Release|x86
		{460303BB-50A1-43E9-97E2-109D3B85B407}.Release|iPhoneSimulator.Deploy.0 = Release|x86
		{460303BB-50A1-43E9-97E2-109D3B85B407}.Release|x64.ActiveCfg = Release|x64
		{460303BB-50A1-43E9-97E2-109D3B85B407}.Release|x64.Build.0 = Release|x64
		{460303BB-50A1-43E9-97E2-109D3B85B407}.Release|x64.Deploy.0 = Release|x64
		{460303BB-50A1-43E9-97E2-109D3B85B407}.Release|x86.ActiveCfg = Release|x86
		{460303BB-50A1-43E9-97E2-109D3B85B407}.Release|x86.Build.0 = Release|x86
		{460303BB-50A1-43E9-97E2-109D3B85B407}.Release|x86.Deploy.0 = Release|x86
		{8355A3C0-072D-424A-A32D-51DEDF95963E}.Ad-Hoc|Any CPU.ActiveCfg = Debug|Any CPU
		{8355A3C0-072D-424A-A32D-51DEDF95963E}.Ad-Hoc|Any CPU.Build.0 = Debug|Any CPU
		{8355A3C0-072D-424A-A32D-51DEDF95963E}.Ad-Hoc|Any CPU.Deploy.0 = Debug|Any CPU
		{8355A3C0-072D-424A-A32D-51DEDF95963E}.Ad-Hoc|ARM.ActiveCfg = Debug|Any CPU
		{8355A3C0-072D-424A-A32D-51DEDF95963E}.Ad-Hoc|ARM.Build.0 = Debug|Any CPU
		{8355A3C0-072D-424A-A32D-51DEDF95963E}.Ad-Hoc|ARM.Deploy.0 = Debug|Any CPU
		{8355A3C0-072D-424A-A32D-51DEDF95963E}.Ad-Hoc|iPhone.ActiveCfg = Debug|Any CPU
		{8355A3C0-072D-424A-A32D-51DEDF95963E}.Ad-Hoc|iPhone.Build.0 = Debug|Any CPU
		{8355A3C0-072D-424A-A32D-51DEDF95963E}.Ad-Hoc|iPhone.Deploy.0 = Debug|Any CPU
		{8355A3C0-072D-424A-A32D-51DEDF95963E}.Ad-Hoc|iPhoneSimulator.ActiveCfg = Debug|Any CPU
		{8355A3C0-072D-424A-A32D-51DEDF95963E}.Ad-Hoc|iPhoneSimulator.Build.0 = Debug|Any CPU
		{8355A3C0-072D-424A-A32D-51DEDF95963E}.Ad-Hoc|iPhoneSimulator.Deploy.0 = Debug|Any CPU
		{8355A3C0-072D-424A-A32D-51DEDF95963E}.Ad-Hoc|x64.ActiveCfg = Debug|Any CPU
		{8355A3C0-072D-424A-A32D-51DEDF95963E}.Ad-Hoc|x64.Build.0 = Debug|Any CPU
		{8355A3C0-072D-424A-A32D-51DEDF95963E}.Ad-Hoc|x64.Deploy.0 = Debug|Any CPU
		{8355A3C0-072D-424A-A32D-51DEDF95963E}.Ad-Hoc|x86.ActiveCfg = Debug|Any CPU
		{8355A3C0-072D-424A-A32D-51DEDF95963E}.Ad-Hoc|x86.Build.0 = Debug|Any CPU
		{8355A3C0-072D-424A-A32D-51DEDF95963E}.Ad-Hoc|x86.Deploy.0 = Debug|Any CPU
		{8355A3C0-072D-424A-A32D-51DEDF95963E}.AppStore|Any CPU.ActiveCfg = Debug|Any CPU
		{8355A3C0-072D-424A-A32D-51DEDF95963E}.AppStore|Any CPU.Build.0 = Debug|Any CPU
		{8355A3C0-072D-424A-A32D-51DEDF95963E}.AppStore|Any CPU.Deploy.0 = Debug|Any CPU
		{8355A3C0-072D-424A-A32D-51DEDF95963E}.AppStore|ARM.ActiveCfg = Debug|Any CPU
		{8355A3C0-072D-424A-A32D-51DEDF95963E}.AppStore|ARM.Build.0 = Debug|Any CPU
		{8355A3C0-072D-424A-A32D-51DEDF95963E}.AppStore|ARM.Deploy.0 = Debug|Any CPU
		{8355A3C0-072D-424A-A32D-51DEDF95963E}.AppStore|iPhone.ActiveCfg = Debug|Any CPU
		{8355A3C0-072D-424A-A32D-51DEDF95963E}.AppStore|iPhone.Build.0 = Debug|Any CPU
		{8355A3C0-072D-424A-A32D-51DEDF95963E}.AppStore|iPhone.Deploy.0 = Debug|Any CPU
		{8355A3C0-072D-424A-A32D-51DEDF95963E}.AppStore|iPhoneSimulator.ActiveCfg = Debug|Any CPU
		{8355A3C0-072D-424A-A32D-51DEDF95963E}.AppStore|iPhoneSimulator.Build.0 = Debug|Any CPU
		{8355A3C0-072D-424A-A32D-51DEDF95963E}.AppStore|iPhoneSimulator.Deploy.0 = Debug|Any CPU
		{8355A3C0-072D-424A-A32D-51DEDF95963E}.AppStore|x64.ActiveCfg = Debug|Any CPU
		{8355A3C0-072D-424A-A32D-51DEDF95963E}.AppStore|x64.Build.0 = Debug|Any CPU
		{8355A3C0-072D-424A-A32D-51DEDF95963E}.AppStore|x64.Deploy.0 = Debug|Any CPU
		{8355A3C0-072D-424A-A32D-51DEDF95963E}.AppStore|x86.ActiveCfg = Debug|Any CPU
		{8355A3C0-072D-424A-A32D-51DEDF95963E}.AppStore|x86.Build.0 = Debug|Any CPU
		{8355A3C0-072D-424A-A32D-51DEDF95963E}.AppStore|x86.Deploy.0 = Debug|Any CPU
		{8355A3C0-072D-424A-A32D-51DEDF95963E}.Debug|Any CPU.ActiveCfg = Debug|Any CPU
		{8355A3C0-072D-424A-A32D-51DEDF95963E}.Debug|Any CPU.Build.0 = Debug|Any CPU
		{8355A3C0-072D-424A-A32D-51DEDF95963E}.Debug|Any CPU.Deploy.0 = Debug|Any CPU
		{8355A3C0-072D-424A-A32D-51DEDF95963E}.Debug|ARM.ActiveCfg = Debug|Any CPU
		{8355A3C0-072D-424A-A32D-51DEDF95963E}.Debug|ARM.Build.0 = Debug|Any CPU
		{8355A3C0-072D-424A-A32D-51DEDF95963E}.Debug|ARM.Deploy.0 = Debug|Any CPU
		{8355A3C0-072D-424A-A32D-51DEDF95963E}.Debug|iPhone.ActiveCfg = Debug|Any CPU
		{8355A3C0-072D-424A-A32D-51DEDF95963E}.Debug|iPhone.Build.0 = Debug|Any CPU
		{8355A3C0-072D-424A-A32D-51DEDF95963E}.Debug|iPhone.Deploy.0 = Debug|Any CPU
		{8355A3C0-072D-424A-A32D-51DEDF95963E}.Debug|iPhoneSimulator.ActiveCfg = Debug|Any CPU
		{8355A3C0-072D-424A-A32D-51DEDF95963E}.Debug|iPhoneSimulator.Build.0 = Debug|Any CPU
		{8355A3C0-072D-424A-A32D-51DEDF95963E}.Debug|iPhoneSimulator.Deploy.0 = Debug|Any CPU
		{8355A3C0-072D-424A-A32D-51DEDF95963E}.Debug|x64.ActiveCfg = Debug|Any CPU
		{8355A3C0-072D-424A-A32D-51DEDF95963E}.Debug|x64.Build.0 = Debug|Any CPU
		{8355A3C0-072D-424A-A32D-51DEDF95963E}.Debug|x64.Deploy.0 = Debug|Any CPU
		{8355A3C0-072D-424A-A32D-51DEDF95963E}.Debug|x86.ActiveCfg = Debug|Any CPU
		{8355A3C0-072D-424A-A32D-51DEDF95963E}.Debug|x86.Build.0 = Debug|Any CPU
		{8355A3C0-072D-424A-A32D-51DEDF95963E}.Debug|x86.Deploy.0 = Debug|Any CPU
		{8355A3C0-072D-424A-A32D-51DEDF95963E}.Release|Any CPU.ActiveCfg = Release|Any CPU
		{8355A3C0-072D-424A-A32D-51DEDF95963E}.Release|Any CPU.Build.0 = Release|Any CPU
		{8355A3C0-072D-424A-A32D-51DEDF95963E}.Release|Any CPU.Deploy.0 = Release|Any CPU
		{8355A3C0-072D-424A-A32D-51DEDF95963E}.Release|ARM.ActiveCfg = Release|Any CPU
		{8355A3C0-072D-424A-A32D-51DEDF95963E}.Release|ARM.Build.0 = Release|Any CPU
		{8355A3C0-072D-424A-A32D-51DEDF95963E}.Release|ARM.Deploy.0 = Release|Any CPU
		{8355A3C0-072D-424A-A32D-51DEDF95963E}.Release|iPhone.ActiveCfg = Release|Any CPU
		{8355A3C0-072D-424A-A32D-51DEDF95963E}.Release|iPhone.Build.0 = Release|Any CPU
		{8355A3C0-072D-424A-A32D-51DEDF95963E}.Release|iPhone.Deploy.0 = Release|Any CPU
		{8355A3C0-072D-424A-A32D-51DEDF95963E}.Release|iPhoneSimulator.ActiveCfg = Release|Any CPU
		{8355A3C0-072D-424A-A32D-51DEDF95963E}.Release|iPhoneSimulator.Build.0 = Release|Any CPU
		{8355A3C0-072D-424A-A32D-51DEDF95963E}.Release|iPhoneSimulator.Deploy.0 = Release|Any CPU
		{8355A3C0-072D-424A-A32D-51DEDF95963E}.Release|x64.ActiveCfg = Release|Any CPU
		{8355A3C0-072D-424A-A32D-51DEDF95963E}.Release|x64.Build.0 = Release|Any CPU
		{8355A3C0-072D-424A-A32D-51DEDF95963E}.Release|x64.Deploy.0 = Release|Any CPU
		{8355A3C0-072D-424A-A32D-51DEDF95963E}.Release|x86.ActiveCfg = Release|Any CPU
		{8355A3C0-072D-424A-A32D-51DEDF95963E}.Release|x86.Build.0 = Release|Any CPU
		{8355A3C0-072D-424A-A32D-51DEDF95963E}.Release|x86.Deploy.0 = Release|Any CPU
	EndGlobalSection
	GlobalSection(SolutionProperties) = preSolution
		HideSolutionNode = FALSE
	EndGlobalSection
	GlobalSection(ExtensibilityGlobals) = postSolution
		SolutionGuid = {0543B62C-2EC4-4C2C-975B-CA2216C5EFCA}
	EndGlobalSection
EndGlobal
